// !$*UTF8*$!
{
	archiveVersion = 1;
	classes = {
	};
	objectVersion = 51;
	objects = {

/* Begin PBXBuildFile section */
		7E76DEF724F76E92003FE63A /* Data+.swift in Sources */ = {isa = PBXBuildFile; fileRef = 7E76DEF624F76E92003FE63A /* Data+.swift */; };
		7E78ED1324E4E64D001ABDDB /* Array+slice.swift in Sources */ = {isa = PBXBuildFile; fileRef = 7E78ED1224E4E64D001ABDDB /* Array+slice.swift */; };
		7E7A14A124DA5D1B00026745 /* UIView+shake.swift in Sources */ = {isa = PBXBuildFile; fileRef = 7E7A14A024DA5D1B00026745 /* UIView+shake.swift */; };
		7E7BBAA724D003C100B91C8C /* XMGBaseWebViewController.swift in Sources */ = {isa = PBXBuildFile; fileRef = 7E7BBAA624D003C100B91C8C /* XMGBaseWebViewController.swift */; };
		7E7BBAA924D0040F00B91C8C /* XMGBaseViewController.swift in Sources */ = {isa = PBXBuildFile; fileRef = 7E7BBAA824D0040F00B91C8C /* XMGBaseViewController.swift */; };
		7E7BBAC424D007E600B91C8C /* UIView+ViewController.swift in Sources */ = {isa = PBXBuildFile; fileRef = 7E7BBAAF24D007E400B91C8C /* UIView+ViewController.swift */; };
		7E7BBAC524D007E600B91C8C /* WKWebview+LoadHtml.swift in Sources */ = {isa = PBXBuildFile; fileRef = 7E7BBAB024D007E400B91C8C /* WKWebview+LoadHtml.swift */; };
		7E7BBAC624D007E600B91C8C /* UIViewController+Subview.swift in Sources */ = {isa = PBXBuildFile; fileRef = 7E7BBAB124D007E500B91C8C /* UIViewController+Subview.swift */; };
		7E7BBAC724D007E600B91C8C /* NSLayoutConstraint+Mutiper.swift in Sources */ = {isa = PBXBuildFile; fileRef = 7E7BBAB224D007E500B91C8C /* NSLayoutConstraint+Mutiper.swift */; };
		7E7BBAC824D007E600B91C8C /* UIButton+Ext.swift in Sources */ = {isa = PBXBuildFile; fileRef = 7E7BBAB324D007E500B91C8C /* UIButton+Ext.swift */; };
		7E7BBAC924D007E600B91C8C /* UILable+Ext.swift in Sources */ = {isa = PBXBuildFile; fileRef = 7E7BBAB424D007E500B91C8C /* UILable+Ext.swift */; };
		7E7BBACA24D007E600B91C8C /* UICollectionView+Ext.swift in Sources */ = {isa = PBXBuildFile; fileRef = 7E7BBAB524D007E500B91C8C /* UICollectionView+Ext.swift */; };
		7E7BBACB24D007E600B91C8C /* UITableView+EXT.swift in Sources */ = {isa = PBXBuildFile; fileRef = 7E7BBAB624D007E500B91C8C /* UITableView+EXT.swift */; };
		7E7BBACC24D007E600B91C8C /* UIView+PlayView.swift in Sources */ = {isa = PBXBuildFile; fileRef = 7E7BBAB724D007E500B91C8C /* UIView+PlayView.swift */; };
		7E7BBACD24D007E600B91C8C /* UINib+Loader.swift in Sources */ = {isa = PBXBuildFile; fileRef = 7E7BBAB824D007E500B91C8C /* UINib+Loader.swift */; };
		7E7BBACE24D007E600B91C8C /* NSObject+ClassName.swift in Sources */ = {isa = PBXBuildFile; fileRef = 7E7BBAB924D007E500B91C8C /* NSObject+ClassName.swift */; };
		7E7BBACF24D007E600B91C8C /* TimeInterval+VideoDate.swift in Sources */ = {isa = PBXBuildFile; fileRef = 7E7BBABA24D007E500B91C8C /* TimeInterval+VideoDate.swift */; };
		7E7BBAD024D007E600B91C8C /* String+Ext.swift in Sources */ = {isa = PBXBuildFile; fileRef = 7E7BBABB24D007E600B91C8C /* String+Ext.swift */; };
		7E7BBAD124D007E600B91C8C /* UIImageView+URL.swift in Sources */ = {isa = PBXBuildFile; fileRef = 7E7BBABC24D007E600B91C8C /* UIImageView+URL.swift */; };
		7E7BBAD224D007E600B91C8C /* UILable+DeleteLine.swift in Sources */ = {isa = PBXBuildFile; fileRef = 7E7BBABD24D007E600B91C8C /* UILable+DeleteLine.swift */; };
		7E7BBAD424D007E600B91C8C /* NSTimer+Closure.swift in Sources */ = {isa = PBXBuildFile; fileRef = 7E7BBABF24D007E600B91C8C /* NSTimer+Closure.swift */; };
		7E7BBAD524D007E600B91C8C /* UIView+Frame.swift in Sources */ = {isa = PBXBuildFile; fileRef = 7E7BBAC024D007E600B91C8C /* UIView+Frame.swift */; };
		7E7BBAD624D007E600B91C8C /* UIColor+Theme.swift in Sources */ = {isa = PBXBuildFile; fileRef = 7E7BBAC124D007E600B91C8C /* UIColor+Theme.swift */; };
		7E7BBAD724D007E600B91C8C /* UIScrollView+MJRefresh.swift in Sources */ = {isa = PBXBuildFile; fileRef = 7E7BBAC224D007E600B91C8C /* UIScrollView+MJRefresh.swift */; };
		7E7BBAD824D007E600B91C8C /* UIViewController+DdkAlert.swift in Sources */ = {isa = PBXBuildFile; fileRef = 7E7BBAC324D007E600B91C8C /* UIViewController+DdkAlert.swift */; };
		7E7BBADC24D0080100B91C8C /* CALayer+XMGXibBorderColor.m in Sources */ = {isa = PBXBuildFile; fileRef = 7E7BBAD924D0080000B91C8C /* CALayer+XMGXibBorderColor.m */; };
		7E7BBADD24D0080100B91C8C /* Date+String.swift in Sources */ = {isa = PBXBuildFile; fileRef = 7E7BBADB24D0080000B91C8C /* Date+String.swift */; };
		7E7BBAE024D00C5B00B91C8C /* CNMacroSwift.swift in Sources */ = {isa = PBXBuildFile; fileRef = 7E7BBADF24D00C5B00B91C8C /* CNMacroSwift.swift */; };
		7E7BBAE324D00D8E00B91C8C /* tupian@2x.png in Resources */ = {isa = PBXBuildFile; fileRef = 7E7BBAE124D00D8E00B91C8C /* tupian@2x.png */; };
		7E7BBAE424D00D8E00B91C8C /* tupian@3x.png in Resources */ = {isa = PBXBuildFile; fileRef = 7E7BBAE224D00D8E00B91C8C /* tupian@3x.png */; };
		7EA7C28424CAC99C0006FFC2 /* AppDelegate.swift in Sources */ = {isa = PBXBuildFile; fileRef = 7EA7C28324CAC99C0006FFC2 /* AppDelegate.swift */; };
		7EA7C28624CAC99C0006FFC2 /* SceneDelegate.swift in Sources */ = {isa = PBXBuildFile; fileRef = 7EA7C28524CAC99C0006FFC2 /* SceneDelegate.swift */; };
		7EA7C28824CAC99C0006FFC2 /* ViewController.swift in Sources */ = {isa = PBXBuildFile; fileRef = 7EA7C28724CAC99C0006FFC2 /* ViewController.swift */; };
		7EA7C28B24CAC99C0006FFC2 /* Main.storyboard in Resources */ = {isa = PBXBuildFile; fileRef = 7EA7C28924CAC99C0006FFC2 /* Main.storyboard */; };
		7EA7C28D24CAC99F0006FFC2 /* Assets.xcassets in Resources */ = {isa = PBXBuildFile; fileRef = 7EA7C28C24CAC99F0006FFC2 /* Assets.xcassets */; };
		7EA7C29024CAC99F0006FFC2 /* LaunchScreen.storyboard in Resources */ = {isa = PBXBuildFile; fileRef = 7EA7C28E24CAC99F0006FFC2 /* LaunchScreen.storyboard */; };
		7EA7C29824CAC9E50006FFC2 /* UIView+Reddot.swift in Sources */ = {isa = PBXBuildFile; fileRef = 7EA7C29724CAC9E50006FFC2 /* UIView+Reddot.swift */; };
		7EA7C29F24CACD380006FFC2 /* UIControl+FeedBack.m in Sources */ = {isa = PBXBuildFile; fileRef = 7EA7C29E24CACD380006FFC2 /* UIControl+FeedBack.m */; };
		8DDA86E81E7341AD0D164F19 /* Pods_BaseUICommponet.framework in Frameworks */ = {isa = PBXBuildFile; fileRef = 7702DACFFDC2760BB26CAD9F /* Pods_BaseUICommponet.framework */; };
/* End PBXBuildFile section */

/* Begin PBXFileReference section */
		3B3560A48F79BA680A59B707 /* Pods-BaseUICommponet.debug.xcconfig */ = {isa = PBXFileReference; includeInIndex = 1; lastKnownFileType = text.xcconfig; name = "Pods-BaseUICommponet.debug.xcconfig"; path = "Target Support Files/Pods-BaseUICommponet/Pods-BaseUICommponet.debug.xcconfig"; sourceTree = "<group>"; };
		7702DACFFDC2760BB26CAD9F /* Pods_BaseUICommponet.framework */ = {isa = PBXFileReference; explicitFileType = wrapper.framework; includeInIndex = 0; path = Pods_BaseUICommponet.framework; sourceTree = BUILT_PRODUCTS_DIR; };
		7E76DEF624F76E92003FE63A /* Data+.swift */ = {isa = PBXFileReference; lastKnownFileType = sourcecode.swift; path = "Data+.swift"; sourceTree = "<group>"; };
		7E78ED1224E4E64D001ABDDB /* Array+slice.swift */ = {isa = PBXFileReference; lastKnownFileType = sourcecode.swift; path = "Array+slice.swift"; sourceTree = "<group>"; };
		7E7A14A024DA5D1B00026745 /* UIView+shake.swift */ = {isa = PBXFileReference; lastKnownFileType = sourcecode.swift; path = "UIView+shake.swift"; sourceTree = "<group>"; };
		7E7BBAA624D003C100B91C8C /* XMGBaseWebViewController.swift */ = {isa = PBXFileReference; fileEncoding = 4; lastKnownFileType = sourcecode.swift; path = XMGBaseWebViewController.swift; sourceTree = "<group>"; };
		7E7BBAA824D0040F00B91C8C /* XMGBaseViewController.swift */ = {isa = PBXFileReference; lastKnownFileType = sourcecode.swift; path = XMGBaseViewController.swift; sourceTree = "<group>"; };
		7E7BBAAF24D007E400B91C8C /* UIView+ViewController.swift */ = {isa = PBXFileReference; fileEncoding = 4; lastKnownFileType = sourcecode.swift; path = "UIView+ViewController.swift"; sourceTree = "<group>"; };
		7E7BBAB024D007E400B91C8C /* WKWebview+LoadHtml.swift */ = {isa = PBXFileReference; fileEncoding = 4; lastKnownFileType = sourcecode.swift; path = "WKWebview+LoadHtml.swift"; sourceTree = "<group>"; };
		7E7BBAB124D007E500B91C8C /* UIViewController+Subview.swift */ = {isa = PBXFileReference; fileEncoding = 4; lastKnownFileType = sourcecode.swift; path = "UIViewController+Subview.swift"; sourceTree = "<group>"; };
		7E7BBAB224D007E500B91C8C /* NSLayoutConstraint+Mutiper.swift */ = {isa = PBXFileReference; fileEncoding = 4; lastKnownFileType = sourcecode.swift; path = "NSLayoutConstraint+Mutiper.swift"; sourceTree = "<group>"; };
		7E7BBAB324D007E500B91C8C /* UIButton+Ext.swift */ = {isa = PBXFileReference; fileEncoding = 4; lastKnownFileType = sourcecode.swift; path = "UIButton+Ext.swift"; sourceTree = "<group>"; };
		7E7BBAB424D007E500B91C8C /* UILable+Ext.swift */ = {isa = PBXFileReference; fileEncoding = 4; lastKnownFileType = sourcecode.swift; path = "UILable+Ext.swift"; sourceTree = "<group>"; };
		7E7BBAB524D007E500B91C8C /* UICollectionView+Ext.swift */ = {isa = PBXFileReference; fileEncoding = 4; lastKnownFileType = sourcecode.swift; path = "UICollectionView+Ext.swift"; sourceTree = "<group>"; };
		7E7BBAB624D007E500B91C8C /* UITableView+EXT.swift */ = {isa = PBXFileReference; fileEncoding = 4; lastKnownFileType = sourcecode.swift; path = "UITableView+EXT.swift"; sourceTree = "<group>"; };
		7E7BBAB724D007E500B91C8C /* UIView+PlayView.swift */ = {isa = PBXFileReference; fileEncoding = 4; lastKnownFileType = sourcecode.swift; path = "UIView+PlayView.swift"; sourceTree = "<group>"; };
		7E7BBAB824D007E500B91C8C /* UINib+Loader.swift */ = {isa = PBXFileReference; fileEncoding = 4; lastKnownFileType = sourcecode.swift; path = "UINib+Loader.swift"; sourceTree = "<group>"; };
		7E7BBAB924D007E500B91C8C /* NSObject+ClassName.swift */ = {isa = PBXFileReference; fileEncoding = 4; lastKnownFileType = sourcecode.swift; path = "NSObject+ClassName.swift"; sourceTree = "<group>"; };
		7E7BBABA24D007E500B91C8C /* TimeInterval+VideoDate.swift */ = {isa = PBXFileReference; fileEncoding = 4; lastKnownFileType = sourcecode.swift; path = "TimeInterval+VideoDate.swift"; sourceTree = "<group>"; };
		7E7BBABB24D007E600B91C8C /* String+Ext.swift */ = {isa = PBXFileReference; fileEncoding = 4; lastKnownFileType = sourcecode.swift; path = "String+Ext.swift"; sourceTree = "<group>"; };
		7E7BBABC24D007E600B91C8C /* UIImageView+URL.swift */ = {isa = PBXFileReference; fileEncoding = 4; lastKnownFileType = sourcecode.swift; path = "UIImageView+URL.swift"; sourceTree = "<group>"; };
		7E7BBABD24D007E600B91C8C /* UILable+DeleteLine.swift */ = {isa = PBXFileReference; fileEncoding = 4; lastKnownFileType = sourcecode.swift; path = "UILable+DeleteLine.swift"; sourceTree = "<group>"; };
		7E7BBABF24D007E600B91C8C /* NSTimer+Closure.swift */ = {isa = PBXFileReference; fileEncoding = 4; lastKnownFileType = sourcecode.swift; path = "NSTimer+Closure.swift"; sourceTree = "<group>"; };
		7E7BBAC024D007E600B91C8C /* UIView+Frame.swift */ = {isa = PBXFileReference; fileEncoding = 4; lastKnownFileType = sourcecode.swift; path = "UIView+Frame.swift"; sourceTree = "<group>"; };
		7E7BBAC124D007E600B91C8C /* UIColor+Theme.swift */ = {isa = PBXFileReference; fileEncoding = 4; lastKnownFileType = sourcecode.swift; path = "UIColor+Theme.swift"; sourceTree = "<group>"; };
		7E7BBAC224D007E600B91C8C /* UIScrollView+MJRefresh.swift */ = {isa = PBXFileReference; fileEncoding = 4; lastKnownFileType = sourcecode.swift; path = "UIScrollView+MJRefresh.swift"; sourceTree = "<group>"; };
		7E7BBAC324D007E600B91C8C /* UIViewController+DdkAlert.swift */ = {isa = PBXFileReference; fileEncoding = 4; lastKnownFileType = sourcecode.swift; path = "UIViewController+DdkAlert.swift"; sourceTree = "<group>"; };
		7E7BBAD924D0080000B91C8C /* CALayer+XMGXibBorderColor.m */ = {isa = PBXFileReference; fileEncoding = 4; lastKnownFileType = sourcecode.c.objc; path = "CALayer+XMGXibBorderColor.m"; sourceTree = "<group>"; };
		7E7BBADA24D0080000B91C8C /* CALayer+XMGXibBorderColor.h */ = {isa = PBXFileReference; fileEncoding = 4; lastKnownFileType = sourcecode.c.h; path = "CALayer+XMGXibBorderColor.h"; sourceTree = "<group>"; };
		7E7BBADB24D0080000B91C8C /* Date+String.swift */ = {isa = PBXFileReference; fileEncoding = 4; lastKnownFileType = sourcecode.swift; path = "Date+String.swift"; sourceTree = "<group>"; };
		7E7BBADF24D00C5B00B91C8C /* CNMacroSwift.swift */ = {isa = PBXFileReference; fileEncoding = 4; lastKnownFileType = sourcecode.swift; path = CNMacroSwift.swift; sourceTree = "<group>"; };
		7E7BBAE124D00D8E00B91C8C /* tupian@2x.png */ = {isa = PBXFileReference; lastKnownFileType = image.png; path = "tupian@2x.png"; sourceTree = "<group>"; };
		7E7BBAE224D00D8E00B91C8C /* tupian@3x.png */ = {isa = PBXFileReference; lastKnownFileType = image.png; path = "tupian@3x.png"; sourceTree = "<group>"; };
		7EA7C28024CAC99C0006FFC2 /* BaseUICommponet.app */ = {isa = PBXFileReference; explicitFileType = wrapper.application; includeInIndex = 0; path = BaseUICommponet.app; sourceTree = BUILT_PRODUCTS_DIR; };
		7EA7C28324CAC99C0006FFC2 /* AppDelegate.swift */ = {isa = PBXFileReference; lastKnownFileType = sourcecode.swift; path = AppDelegate.swift; sourceTree = "<group>"; };
		7EA7C28524CAC99C0006FFC2 /* SceneDelegate.swift */ = {isa = PBXFileReference; lastKnownFileType = sourcecode.swift; path = SceneDelegate.swift; sourceTree = "<group>"; };
		7EA7C28724CAC99C0006FFC2 /* ViewController.swift */ = {isa = PBXFileReference; lastKnownFileType = sourcecode.swift; path = ViewController.swift; sourceTree = "<group>"; };
		7EA7C28A24CAC99C0006FFC2 /* Base */ = {isa = PBXFileReference; lastKnownFileType = file.storyboard; name = Base; path = Base.lproj/Main.storyboard; sourceTree = "<group>"; };
		7EA7C28C24CAC99F0006FFC2 /* Assets.xcassets */ = {isa = PBXFileReference; lastKnownFileType = folder.assetcatalog; path = Assets.xcassets; sourceTree = "<group>"; };
		7EA7C28F24CAC99F0006FFC2 /* Base */ = {isa = PBXFileReference; lastKnownFileType = file.storyboard; name = Base; path = Base.lproj/LaunchScreen.storyboard; sourceTree = "<group>"; };
		7EA7C29124CAC99F0006FFC2 /* Info.plist */ = {isa = PBXFileReference; lastKnownFileType = text.plist.xml; path = Info.plist; sourceTree = "<group>"; };
		7EA7C29724CAC9E50006FFC2 /* UIView+Reddot.swift */ = {isa = PBXFileReference; lastKnownFileType = sourcecode.swift; path = "UIView+Reddot.swift"; sourceTree = "<group>"; };
		7EA7C29924CACD040006FFC2 /* BaseUICommponet-Bridging-Header.h */ = {isa = PBXFileReference; lastKnownFileType = sourcecode.c.h; path = "BaseUICommponet-Bridging-Header.h"; sourceTree = "<group>"; };
		7EA7C29D24CACD380006FFC2 /* UIControl+FeedBack.h */ = {isa = PBXFileReference; lastKnownFileType = sourcecode.c.h; path = "UIControl+FeedBack.h"; sourceTree = "<group>"; };
		7EA7C29E24CACD380006FFC2 /* UIControl+FeedBack.m */ = {isa = PBXFileReference; lastKnownFileType = sourcecode.c.objc; path = "UIControl+FeedBack.m"; sourceTree = "<group>"; };
		7EA7C2A024CAD0C20006FFC2 /* MainPreheader.h */ = {isa = PBXFileReference; lastKnownFileType = sourcecode.c.h; path = MainPreheader.h; sourceTree = "<group>"; };
		A38D7AC3EC1FBD819B8D72DF /* Pods-BaseUICommponet.release.xcconfig */ = {isa = PBXFileReference; includeInIndex = 1; lastKnownFileType = text.xcconfig; name = "Pods-BaseUICommponet.release.xcconfig"; path = "Target Support Files/Pods-BaseUICommponet/Pods-BaseUICommponet.release.xcconfig"; sourceTree = "<group>"; };
/* End PBXFileReference section */

/* Begin PBXFrameworksBuildPhase section */
		7EA7C27D24CAC99C0006FFC2 /* Frameworks */ = {
			isa = PBXFrameworksBuildPhase;
			buildActionMask = 2147483647;
			files = (
				8DDA86E81E7341AD0D164F19 /* Pods_BaseUICommponet.framework in Frameworks */,
			);
			runOnlyForDeploymentPostprocessing = 0;
		};
/* End PBXFrameworksBuildPhase section */

/* Begin PBXGroup section */
		58B821AFB3BB2FB6A8AEF4F8 /* Frameworks */ = {
			isa = PBXGroup;
			children = (
				7702DACFFDC2760BB26CAD9F /* Pods_BaseUICommponet.framework */,
			);
			name = Frameworks;
			sourceTree = "<group>";
		};
		7E3161062547F6C300F8F7AC /* Marco */ = {
			isa = PBXGroup;
			children = (
				7E7BBADF24D00C5B00B91C8C /* CNMacroSwift.swift */,
			);
			name = Marco;
			sourceTree = "<group>";
		};
		7E3161082547F71B00F8F7AC /* Extension */ = {
			isa = PBXGroup;
			children = (
			);
			name = Extension;
			sourceTree = "<group>";
		};
		7E7BBAA524D0032600B91C8C /* BaseUI */ = {
			isa = PBXGroup;
			children = (
				7E7BBAAC24D006AB00B91C8C /* BaseController */,
			);
			path = BaseUI;
			sourceTree = "<group>";
		};
		7E7BBAAC24D006AB00B91C8C /* BaseController */ = {
			isa = PBXGroup;
			children = (
				7E7BBAAD24D006BA00B91C8C /* Web */,
			);
			path = BaseController;
			sourceTree = "<group>";
		};
		7E7BBAAD24D006BA00B91C8C /* Web */ = {
			isa = PBXGroup;
			children = (
			);
			path = Web;
			sourceTree = "<group>";
		};
		7EA7C27724CAC99C0006FFC2 = {
			isa = PBXGroup;
			children = (
				7EA7C28224CAC99C0006FFC2 /* BaseUICommponet */,
				7EA7C28124CAC99C0006FFC2 /* Products */,
				CE261ADA63BB0EC873A4D8DF /* Pods */,
				58B821AFB3BB2FB6A8AEF4F8 /* Frameworks */,
			);
			sourceTree = "<group>";
		};
		7EA7C28124CAC99C0006FFC2 /* Products */ = {
			isa = PBXGroup;
			children = (
				7EA7C28024CAC99C0006FFC2 /* BaseUICommponet.app */,
			);
			name = Products;
			sourceTree = "<group>";
		};
		7EA7C28224CAC99C0006FFC2 /* BaseUICommponet */ = {
			isa = PBXGroup;
			children = (
				7EA7C2A124CAD9F90006FFC2 /* Classes */,
				7EA7C2A324CB26C00006FFC2 /* Resources */,
				7EA7C2A224CB26AF0006FFC2 /* Exclude */,
				7EA7C28324CAC99C0006FFC2 /* AppDelegate.swift */,
				7EA7C28524CAC99C0006FFC2 /* SceneDelegate.swift */,
				7EA7C28724CAC99C0006FFC2 /* ViewController.swift */,
				7EA7C28924CAC99C0006FFC2 /* Main.storyboard */,
				7EA7C28C24CAC99F0006FFC2 /* Assets.xcassets */,
				7EA7C28E24CAC99F0006FFC2 /* LaunchScreen.storyboard */,
				7EA7C29124CAC99F0006FFC2 /* Info.plist */,
				7EA7C29924CACD040006FFC2 /* BaseUICommponet-Bridging-Header.h */,
				7EA7C2A024CAD0C20006FFC2 /* MainPreheader.h */,
			);
			path = BaseUICommponet;
			sourceTree = "<group>";
		};
		7EA7C2A124CAD9F90006FFC2 /* Classes */ = {
			isa = PBXGroup;
			children = (
				7E3161082547F71B00F8F7AC /* Extension */,
				7E3161062547F6C300F8F7AC /* Marco */,
				7E7BBADB24D0080000B91C8C /* Date+String.swift */,
				7E7BBAB224D007E500B91C8C /* NSLayoutConstraint+Mutiper.swift */,
				7E7BBAB924D007E500B91C8C /* NSObject+ClassName.swift */,
				7E7BBABF24D007E600B91C8C /* NSTimer+Closure.swift */,
				7E7BBABB24D007E600B91C8C /* String+Ext.swift */,
				7E7BBABA24D007E500B91C8C /* TimeInterval+VideoDate.swift */,
				7E7BBAB324D007E500B91C8C /* UIButton+Ext.swift */,
				7E7BBAB524D007E500B91C8C /* UICollectionView+Ext.swift */,
				7E7BBAC124D007E600B91C8C /* UIColor+Theme.swift */,
				7E7BBABC24D007E600B91C8C /* UIImageView+URL.swift */,
				7E7BBABD24D007E600B91C8C /* UILable+DeleteLine.swift */,
				7E7BBAB424D007E500B91C8C /* UILable+Ext.swift */,
				7E7BBAB824D007E500B91C8C /* UINib+Loader.swift */,
				7E7BBAC224D007E600B91C8C /* UIScrollView+MJRefresh.swift */,
				7E7BBAB624D007E500B91C8C /* UITableView+EXT.swift */,
				7E7BBAC024D007E600B91C8C /* UIView+Frame.swift */,
				7E7BBAB724D007E500B91C8C /* UIView+PlayView.swift */,
				7E7BBAAF24D007E400B91C8C /* UIView+ViewController.swift */,
				7E7BBAC324D007E600B91C8C /* UIViewController+DdkAlert.swift */,
				7E7BBAB124D007E500B91C8C /* UIViewController+Subview.swift */,
				7E7BBAB024D007E400B91C8C /* WKWebview+LoadHtml.swift */,
				7EA7C29724CAC9E50006FFC2 /* UIView+Reddot.swift */,
				7E7A14A024DA5D1B00026745 /* UIView+shake.swift */,
				7E78ED1224E4E64D001ABDDB /* Array+slice.swift */,
				7E76DEF624F76E92003FE63A /* Data+.swift */,
				7E7BBAA824D0040F00B91C8C /* XMGBaseViewController.swift */,
				7E7BBAA624D003C100B91C8C /* XMGBaseWebViewController.swift */,
				7E7BBADA24D0080000B91C8C /* CALayer+XMGXibBorderColor.h */,
				7E7BBAD924D0080000B91C8C /* CALayer+XMGXibBorderColor.m */,
				7EA7C29D24CACD380006FFC2 /* UIControl+FeedBack.h */,
				7EA7C29E24CACD380006FFC2 /* UIControl+FeedBack.m */,
				7E7BBAA524D0032600B91C8C /* BaseUI */,
				7EA7C2C624CEDCA30006FFC2 /* Categoty */,
			);
			path = Classes;
			sourceTree = "<group>";
		};
		7EA7C2A224CB26AF0006FFC2 /* Exclude */ = {
			isa = PBXGroup;
			children = (
			);
			path = Exclude;
			sourceTree = "<group>";
		};
		7EA7C2A324CB26C00006FFC2 /* Resources */ = {
			isa = PBXGroup;
			children = (
				7E7BBAE124D00D8E00B91C8C /* tupian@2x.png */,
				7E7BBAE224D00D8E00B91C8C /* tupian@3x.png */,
			);
			path = Resources;
			sourceTree = "<group>";
		};
		7EA7C2C624CEDCA30006FFC2 /* Categoty */ = {
			isa = PBXGroup;
			children = (
			);
			path = Categoty;
			sourceTree = "<group>";
		};
		CE261ADA63BB0EC873A4D8DF /* Pods */ = {
			isa = PBXGroup;
			children = (
				3B3560A48F79BA680A59B707 /* Pods-BaseUICommponet.debug.xcconfig */,
				A38D7AC3EC1FBD819B8D72DF /* Pods-BaseUICommponet.release.xcconfig */,
			);
			path = Pods;
			sourceTree = "<group>";
		};
/* End PBXGroup section */

/* Begin PBXNativeTarget section */
		7EA7C27F24CAC99C0006FFC2 /* BaseUICommponet */ = {
			isa = PBXNativeTarget;
			buildConfigurationList = 7EA7C29424CAC99F0006FFC2 /* Build configuration list for PBXNativeTarget "BaseUICommponet" */;
			buildPhases = (
				549E34DB89C19FF2D5A8F612 /* [CP] Check Pods Manifest.lock */,
				7EA7C27C24CAC99C0006FFC2 /* Sources */,
				7EA7C27D24CAC99C0006FFC2 /* Frameworks */,
				7EA7C27E24CAC99C0006FFC2 /* Resources */,
				752A71AE118B2711AFBE115F /* [CP] Embed Pods Frameworks */,
			);
			buildRules = (
			);
			dependencies = (
			);
			name = BaseUICommponet;
			productName = BaseUICommponet;
			productReference = 7EA7C28024CAC99C0006FFC2 /* BaseUICommponet.app */;
			productType = "com.apple.product-type.application";
		};
/* End PBXNativeTarget section */

/* Begin PBXProject section */
		7EA7C27824CAC99C0006FFC2 /* Project object */ = {
			isa = PBXProject;
			attributes = {
				LastSwiftUpdateCheck = 1150;
				LastUpgradeCheck = 1150;
				ORGANIZATIONNAME = "小马科技";
				TargetAttributes = {
					7EA7C27F24CAC99C0006FFC2 = {
						CreatedOnToolsVersion = 11.5;
						LastSwiftMigration = 1150;
					};
				};
			};
			buildConfigurationList = 7EA7C27B24CAC99C0006FFC2 /* Build configuration list for PBXProject "BaseUICommponet" */;
			compatibilityVersion = "Xcode 9.3";
			developmentRegion = en;
			hasScannedForEncodings = 0;
			knownRegions = (
				en,
				Base,
			);
			mainGroup = 7EA7C27724CAC99C0006FFC2;
			productRefGroup = 7EA7C28124CAC99C0006FFC2 /* Products */;
			projectDirPath = "";
			projectRoot = "";
			targets = (
				7EA7C27F24CAC99C0006FFC2 /* BaseUICommponet */,
			);
		};
/* End PBXProject section */

/* Begin PBXResourcesBuildPhase section */
		7EA7C27E24CAC99C0006FFC2 /* Resources */ = {
			isa = PBXResourcesBuildPhase;
			buildActionMask = 2147483647;
			files = (
				7EA7C29024CAC99F0006FFC2 /* LaunchScreen.storyboard in Resources */,
				7EA7C28D24CAC99F0006FFC2 /* Assets.xcassets in Resources */,
				7EA7C28B24CAC99C0006FFC2 /* Main.storyboard in Resources */,
				7E7BBAE324D00D8E00B91C8C /* tupian@2x.png in Resources */,
				7E7BBAE424D00D8E00B91C8C /* tupian@3x.png in Resources */,
			);
			runOnlyForDeploymentPostprocessing = 0;
		};
/* End PBXResourcesBuildPhase section */

/* Begin PBXShellScriptBuildPhase section */
		549E34DB89C19FF2D5A8F612 /* [CP] Check Pods Manifest.lock */ = {
			isa = PBXShellScriptBuildPhase;
			buildActionMask = 2147483647;
			files = (
			);
			inputFileListPaths = (
			);
			inputPaths = (
				"${PODS_PODFILE_DIR_PATH}/Podfile.lock",
				"${PODS_ROOT}/Manifest.lock",
			);
			name = "[CP] Check Pods Manifest.lock";
			outputFileListPaths = (
			);
			outputPaths = (
				"$(DERIVED_FILE_DIR)/Pods-BaseUICommponet-checkManifestLockResult.txt",
			);
			runOnlyForDeploymentPostprocessing = 0;
			shellPath = /bin/sh;
			shellScript = "diff \"${PODS_PODFILE_DIR_PATH}/Podfile.lock\" \"${PODS_ROOT}/Manifest.lock\" > /dev/null\nif [ $? != 0 ] ; then\n    # print error to STDERR\n    echo \"error: The sandbox is not in sync with the Podfile.lock. Run 'pod install' or update your CocoaPods installation.\" >&2\n    exit 1\nfi\n# This output is used by Xcode 'outputs' to avoid re-running this script phase.\necho \"SUCCESS\" > \"${SCRIPT_OUTPUT_FILE_0}\"\n";
			showEnvVarsInLog = 0;
		};
		752A71AE118B2711AFBE115F /* [CP] Embed Pods Frameworks */ = {
			isa = PBXShellScriptBuildPhase;
			buildActionMask = 2147483647;
			files = (
			);
			inputFileListPaths = (
				"${PODS_ROOT}/Target Support Files/Pods-BaseUICommponet/Pods-BaseUICommponet-frameworks-${CONFIGURATION}-input-files.xcfilelist",
			);
			name = "[CP] Embed Pods Frameworks";
			outputFileListPaths = (
				"${PODS_ROOT}/Target Support Files/Pods-BaseUICommponet/Pods-BaseUICommponet-frameworks-${CONFIGURATION}-output-files.xcfilelist",
			);
			runOnlyForDeploymentPostprocessing = 0;
			shellPath = /bin/sh;
			shellScript = "\"${PODS_ROOT}/Target Support Files/Pods-BaseUICommponet/Pods-BaseUICommponet-frameworks.sh\"\n";
			showEnvVarsInLog = 0;
		};
/* End PBXShellScriptBuildPhase section */

/* Begin PBXSourcesBuildPhase section */
		7EA7C27C24CAC99C0006FFC2 /* Sources */ = {
			isa = PBXSourcesBuildPhase;
			buildActionMask = 2147483647;
			files = (
				7E7BBAC524D007E600B91C8C /* WKWebview+LoadHtml.swift in Sources */,
				7E7BBACD24D007E600B91C8C /* UINib+Loader.swift in Sources */,
				7E7BBADC24D0080100B91C8C /* CALayer+XMGXibBorderColor.m in Sources */,
				7E7BBAC724D007E600B91C8C /* NSLayoutConstraint+Mutiper.swift in Sources */,
				7E7BBAD224D007E600B91C8C /* UILable+DeleteLine.swift in Sources */,
				7E7BBAA724D003C100B91C8C /* XMGBaseWebViewController.swift in Sources */,
				7E78ED1324E4E64D001ABDDB /* Array+slice.swift in Sources */,
				7E7BBAC424D007E600B91C8C /* UIView+ViewController.swift in Sources */,
				7E7BBADD24D0080100B91C8C /* Date+String.swift in Sources */,
				7E76DEF724F76E92003FE63A /* Data+.swift in Sources */,
				7E7BBAD124D007E600B91C8C /* UIImageView+URL.swift in Sources */,
				7EA7C29824CAC9E50006FFC2 /* UIView+Reddot.swift in Sources */,
				7E7BBACC24D007E600B91C8C /* UIView+PlayView.swift in Sources */,
				7E7BBACE24D007E600B91C8C /* NSObject+ClassName.swift in Sources */,
				7E7BBAD724D007E600B91C8C /* UIScrollView+MJRefresh.swift in Sources */,
				7EA7C29F24CACD380006FFC2 /* UIControl+FeedBack.m in Sources */,
				7E7BBAD824D007E600B91C8C /* UIViewController+DdkAlert.swift in Sources */,
				7EA7C28824CAC99C0006FFC2 /* ViewController.swift in Sources */,
				7E7A14A124DA5D1B00026745 /* UIView+shake.swift in Sources */,
				7EA7C28424CAC99C0006FFC2 /* AppDelegate.swift in Sources */,
				7EA7C28624CAC99C0006FFC2 /* SceneDelegate.swift in Sources */,
				7E7BBACF24D007E600B91C8C /* TimeInterval+VideoDate.swift in Sources */,
				7E7BBAD524D007E600B91C8C /* UIView+Frame.swift in Sources */,
				7E7BBAC624D007E600B91C8C /* UIViewController+Subview.swift in Sources */,
				7E7BBACA24D007E600B91C8C /* UICollectionView+Ext.swift in Sources */,
				7E7BBAD624D007E600B91C8C /* UIColor+Theme.swift in Sources */,
				7E7BBAD424D007E600B91C8C /* NSTimer+Closure.swift in Sources */,
				7E7BBAA924D0040F00B91C8C /* XMGBaseViewController.swift in Sources */,
				7E7BBAE024D00C5B00B91C8C /* CNMacroSwift.swift in Sources */,
				7E7BBACB24D007E600B91C8C /* UITableView+EXT.swift in Sources */,
				7E7BBAC924D007E600B91C8C /* UILable+Ext.swift in Sources */,
				7E7BBAD024D007E600B91C8C /* String+Ext.swift in Sources */,
				7E7BBAC824D007E600B91C8C /* UIButton+Ext.swift in Sources */,
			);
			runOnlyForDeploymentPostprocessing = 0;
		};
/* End PBXSourcesBuildPhase section */

/* Begin PBXVariantGroup section */
		7EA7C28924CAC99C0006FFC2 /* Main.storyboard */ = {
			isa = PBXVariantGroup;
			children = (
				7EA7C28A24CAC99C0006FFC2 /* Base */,
			);
			name = Main.storyboard;
			sourceTree = "<group>";
		};
		7EA7C28E24CAC99F0006FFC2 /* LaunchScreen.storyboard */ = {
			isa = PBXVariantGroup;
			children = (
				7EA7C28F24CAC99F0006FFC2 /* Base */,
			);
			name = LaunchScreen.storyboard;
			sourceTree = "<group>";
		};
/* End PBXVariantGroup section */

/* Begin XCBuildConfiguration section */
		7EA7C29224CAC99F0006FFC2 /* Debug */ = {
			isa = XCBuildConfiguration;
			buildSettings = {
				ALWAYS_SEARCH_USER_PATHS = NO;
				CLANG_ANALYZER_NONNULL = YES;
				CLANG_ANALYZER_NUMBER_OBJECT_CONVERSION = YES_AGGRESSIVE;
				CLANG_CXX_LANGUAGE_STANDARD = "gnu++14";
				CLANG_CXX_LIBRARY = "libc++";
				CLANG_ENABLE_MODULES = YES;
				CLANG_ENABLE_OBJC_ARC = YES;
				CLANG_ENABLE_OBJC_WEAK = YES;
				CLANG_WARN_BLOCK_CAPTURE_AUTORELEASING = YES;
				CLANG_WARN_BOOL_CONVERSION = YES;
				CLANG_WARN_COMMA = YES;
				CLANG_WARN_CONSTANT_CONVERSION = YES;
				CLANG_WARN_DEPRECATED_OBJC_IMPLEMENTATIONS = YES;
				CLANG_WARN_DIRECT_OBJC_ISA_USAGE = YES_ERROR;
				CLANG_WARN_DOCUMENTATION_COMMENTS = YES;
				CLANG_WARN_EMPTY_BODY = YES;
				CLANG_WARN_ENUM_CONVERSION = YES;
				CLANG_WARN_INFINITE_RECURSION = YES;
				CLANG_WARN_INT_CONVERSION = YES;
				CLANG_WARN_NON_LITERAL_NULL_CONVERSION = YES;
				CLANG_WARN_OBJC_IMPLICIT_RETAIN_SELF = YES;
				CLANG_WARN_OBJC_LITERAL_CONVERSION = YES;
				CLANG_WARN_OBJC_ROOT_CLASS = YES_ERROR;
				CLANG_WARN_RANGE_LOOP_ANALYSIS = YES;
				CLANG_WARN_STRICT_PROTOTYPES = YES;
				CLANG_WARN_SUSPICIOUS_MOVE = YES;
				CLANG_WARN_UNGUARDED_AVAILABILITY = YES_AGGRESSIVE;
				CLANG_WARN_UNREACHABLE_CODE = YES;
				CLANG_WARN__DUPLICATE_METHOD_MATCH = YES;
				COPY_PHASE_STRIP = NO;
				DEBUG_INFORMATION_FORMAT = dwarf;
				ENABLE_STRICT_OBJC_MSGSEND = YES;
				ENABLE_TESTABILITY = YES;
				GCC_C_LANGUAGE_STANDARD = gnu11;
				GCC_DYNAMIC_NO_PIC = NO;
				GCC_NO_COMMON_BLOCKS = YES;
				GCC_OPTIMIZATION_LEVEL = 0;
				GCC_PREPROCESSOR_DEFINITIONS = (
					"DEBUG=1",
					"$(inherited)",
				);
				GCC_WARN_64_TO_32_BIT_CONVERSION = YES;
				GCC_WARN_ABOUT_RETURN_TYPE = YES_ERROR;
				GCC_WARN_UNDECLARED_SELECTOR = YES;
				GCC_WARN_UNINITIALIZED_AUTOS = YES_AGGRESSIVE;
				GCC_WARN_UNUSED_FUNCTION = YES;
				GCC_WARN_UNUSED_VARIABLE = YES;
				IPHONEOS_DEPLOYMENT_TARGET = 13.5;
				MTL_ENABLE_DEBUG_INFO = INCLUDE_SOURCE;
				MTL_FAST_MATH = YES;
				ONLY_ACTIVE_ARCH = YES;
				SDKROOT = iphoneos;
				SWIFT_ACTIVE_COMPILATION_CONDITIONS = DEBUG;
				SWIFT_OPTIMIZATION_LEVEL = "-Onone";
			};
			name = Debug;
		};
		7EA7C29324CAC99F0006FFC2 /* Release */ = {
			isa = XCBuildConfiguration;
			buildSettings = {
				ALWAYS_SEARCH_USER_PATHS = NO;
				CLANG_ANALYZER_NONNULL = YES;
				CLANG_ANALYZER_NUMBER_OBJECT_CONVERSION = YES_AGGRESSIVE;
				CLANG_CXX_LANGUAGE_STANDARD = "gnu++14";
				CLANG_CXX_LIBRARY = "libc++";
				CLANG_ENABLE_MODULES = YES;
				CLANG_ENABLE_OBJC_ARC = YES;
				CLANG_ENABLE_OBJC_WEAK = YES;
				CLANG_WARN_BLOCK_CAPTURE_AUTORELEASING = YES;
				CLANG_WARN_BOOL_CONVERSION = YES;
				CLANG_WARN_COMMA = YES;
				CLANG_WARN_CONSTANT_CONVERSION = YES;
				CLANG_WARN_DEPRECATED_OBJC_IMPLEMENTATIONS = YES;
				CLANG_WARN_DIRECT_OBJC_ISA_USAGE = YES_ERROR;
				CLANG_WARN_DOCUMENTATION_COMMENTS = YES;
				CLANG_WARN_EMPTY_BODY = YES;
				CLANG_WARN_ENUM_CONVERSION = YES;
				CLANG_WARN_INFINITE_RECURSION = YES;
				CLANG_WARN_INT_CONVERSION = YES;
				CLANG_WARN_NON_LITERAL_NULL_CONVERSION = YES;
				CLANG_WARN_OBJC_IMPLICIT_RETAIN_SELF = YES;
				CLANG_WARN_OBJC_LITERAL_CONVERSION = YES;
				CLANG_WARN_OBJC_ROOT_CLASS = YES_ERROR;
				CLANG_WARN_RANGE_LOOP_ANALYSIS = YES;
				CLANG_WARN_STRICT_PROTOTYPES = YES;
				CLANG_WARN_SUSPICIOUS_MOVE = YES;
				CLANG_WARN_UNGUARDED_AVAILABILITY = YES_AGGRESSIVE;
				CLANG_WARN_UNREACHABLE_CODE = YES;
				CLANG_WARN__DUPLICATE_METHOD_MATCH = YES;
				COPY_PHASE_STRIP = NO;
				DEBUG_INFORMATION_FORMAT = "dwarf-with-dsym";
				ENABLE_NS_ASSERTIONS = NO;
				ENABLE_STRICT_OBJC_MSGSEND = YES;
				GCC_C_LANGUAGE_STANDARD = gnu11;
				GCC_NO_COMMON_BLOCKS = YES;
				GCC_WARN_64_TO_32_BIT_CONVERSION = YES;
				GCC_WARN_ABOUT_RETURN_TYPE = YES_ERROR;
				GCC_WARN_UNDECLARED_SELECTOR = YES;
				GCC_WARN_UNINITIALIZED_AUTOS = YES_AGGRESSIVE;
				GCC_WARN_UNUSED_FUNCTION = YES;
				GCC_WARN_UNUSED_VARIABLE = YES;
				IPHONEOS_DEPLOYMENT_TARGET = 13.5;
				MTL_ENABLE_DEBUG_INFO = NO;
				MTL_FAST_MATH = YES;
				SDKROOT = iphoneos;
				SWIFT_COMPILATION_MODE = wholemodule;
				SWIFT_OPTIMIZATION_LEVEL = "-O";
				VALIDATE_PRODUCT = YES;
			};
			name = Release;
		};
		7EA7C29524CAC99F0006FFC2 /* Debug */ = {
			isa = XCBuildConfiguration;
			baseConfigurationReference = 3B3560A48F79BA680A59B707 /* Pods-BaseUICommponet.debug.xcconfig */;
			buildSettings = {
				ASSETCATALOG_COMPILER_APPICON_NAME = AppIcon;
				CLANG_ENABLE_MODULES = YES;
				CODE_SIGN_STYLE = Automatic;
				DEVELOPMENT_TEAM = AUQ5VQF9RM;
				GCC_PRECOMPILE_PREFIX_HEADER = YES;
				GCC_PREFIX_HEADER = "$(SRCROOT)/BaseUICommponet/MainPreheader.h";
				INFOPLIST_FILE = BaseUICommponet/Info.plist;
				LD_RUNPATH_SEARCH_PATHS = (
					"$(inherited)",
					"@executable_path/Frameworks",
				);
				PRODUCT_BUNDLE_IDENTIFIER = Wee.BaseUICommponet;
				PRODUCT_NAME = "$(TARGET_NAME)";
				SWIFT_OBJC_BRIDGING_HEADER = "BaseUICommponet/BaseUICommponet-Bridging-Header.h";
				SWIFT_OPTIMIZATION_LEVEL = "-Onone";
				SWIFT_VERSION = 5.0;
				TARGETED_DEVICE_FAMILY = "1,2";
			};
			name = Debug;
		};
		7EA7C29624CAC99F0006FFC2 /* Release */ = {
			isa = XCBuildConfiguration;
			baseConfigurationReference = A38D7AC3EC1FBD819B8D72DF /* Pods-BaseUICommponet.release.xcconfig */;
			buildSettings = {
				ASSETCATALOG_COMPILER_APPICON_NAME = AppIcon;
				CLANG_ENABLE_MODULES = YES;
				CODE_SIGN_STYLE = Automatic;
				DEVELOPMENT_TEAM = AUQ5VQF9RM;
				GCC_PRECOMPILE_PREFIX_HEADER = YES;
				GCC_PREFIX_HEADER = "$(SRCROOT)/BaseUICommponet/MainPreheader.h";
				INFOPLIST_FILE = BaseUICommponet/Info.plist;
				LD_RUNPATH_SEARCH_PATHS = (
					"$(inherited)",
					"@executable_path/Frameworks",
				);
				PRODUCT_BUNDLE_IDENTIFIER = Wee.BaseUICommponet;
				PRODUCT_NAME = "$(TARGET_NAME)";
				SWIFT_OBJC_BRIDGING_HEADER = "BaseUICommponet/BaseUICommponet-Bridging-Header.h";
				SWIFT_VERSION = 5.0;
				TARGETED_DEVICE_FAMILY = "1,2";
			};
			name = Release;
		};
/* End XCBuildConfiguration section */

/* Begin XCConfigurationList section */
		7EA7C27B24CAC99C0006FFC2 /* Build configuration list for PBXProject "BaseUICommponet" */ = {
			isa = XCConfigurationList;
			buildConfigurations = (
				7EA7C29224CAC99F0006FFC2 /* Debug */,
				7EA7C29324CAC99F0006FFC2 /* Release */,
			);
			defaultConfigurationIsVisible = 0;
			defaultConfigurationName = Release;
		};
		7EA7C29424CAC99F0006FFC2 /* Build configuration list for PBXNativeTarget "BaseUICommponet" */ = {
			isa = XCConfigurationList;
			buildConfigurations = (
				7EA7C29524CAC99F0006FFC2 /* Debug */,
				7EA7C29624CAC99F0006FFC2 /* Release */,
			);
			defaultConfigurationIsVisible = 0;
			defaultConfigurationName = Release;
		};
/* End XCConfigurationList section */
	};
	rootObject = 7EA7C27824CAC99C0006FFC2 /* Project object */;
}
